
Microsoft Visual Studio Solution File, Format Version 12.00
# Visual Studio Version 16
VisualStudioVersion = 16.0.29613.14
MinimumVisualStudioVersion = 10.0.40219.1
Project("{FAE04EC0-301F-11D3-BF4B-00C04F79EFBC}") = "RestAPI_Products", "RestAPI_Products\RestAPI_Products.csproj", "{EB7D21BB-4E64-40B1-A5E2-27AE9B5C59F6}"
EndProject
Project("{FAE04EC0-301F-11D3-BF4B-00C04F79EFBC}") = "RestAPI_Core", "RestAPI_Core\RestAPI_Core.csproj", "{D67F2E30-ADD5-4A4A-8757-791733894204}"
EndProject
Global
	GlobalSection(SolutionConfigurationPlatforms) = preSolution
		Debug|Any CPU = Debug|Any CPU
		Release|Any CPU = Release|Any CPU
	EndGlobalSection
	GlobalSection(ProjectConfigurationPlatforms) = postSolution
		{EB7D21BB-4E64-40B1-A5E2-27AE9B5C59F6}.Debug|Any CPU.ActiveCfg = Debug|Any CPU
		{EB7D21BB-4E64-40B1-A5E2-27AE9B5C59F6}.Debug|Any CPU.Build.0 = Debug|Any CPU
		{EB7D21BB-4E64-40B1-A5E2-27AE9B5C59F6}.Release|Any CPU.ActiveCfg = Release|Any CPU
		{EB7D21BB-4E64-40B1-A5E2-27AE9B5C59F6}.Release|Any CPU.Build.0 = Release|Any CPU
		{D67F2E30-ADD5-4A4A-8757-791733894204}.Debug|Any CPU.ActiveCfg = Debug|Any CPU
		{D67F2E30-ADD5-4A4A-8757-791733894204}.Debug|Any CPU.Build.0 = Debug|Any CPU
		{D67F2E30-ADD5-4A4A-8757-791733894204}.Release|Any CPU.ActiveCfg = Release|Any CPU
		{D67F2E30-ADD5-4A4A-8757-791733894204}.Release|Any CPU.Build.0 = Release|Any CPU
	EndGlobalSection
	GlobalSection(SolutionProperties) = preSolution
		HideSolutionNode = FALSE
	EndGlobalSection
	GlobalSection(ExtensibilityGlobals) = postSolution
		SolutionGuid = {BD823F2D-8BD8-42EB-8734-9A8A53C48E67}
	EndGlobalSection
EndGlobal
